
Microsoft Visual Studio Solution File, Format Version 12.00
# Visual Studio Version 16
VisualStudioVersion = 16.0.30011.22
MinimumVisualStudioVersion = 10.0.40219.1
Project("{FAE04EC0-301F-11D3-BF4B-00C04F79EFBC}") = "Tree", "Tree\Tree.csproj", "{CC333595-C946-448D-A400-6EF2CDB04558}"
EndProject
Global
	GlobalSection(SolutionConfigurationPlatforms) = preSolution
		Debug|Any CPU = Debug|Any CPU
		Release|Any CPU = Release|Any CPU
	EndGlobalSection
	GlobalSection(ProjectConfigurationPlatforms) = postSolution
		{CC333595-C946-448D-A400-6EF2CDB04558}.Debug|Any CPU.ActiveCfg = Debug|Any CPU
		{CC333595-C946-448D-A400-6EF2CDB04558}.Debug|Any CPU.Build.0 = Debug|Any CPU
		{CC333595-C946-448D-A400-6EF2CDB04558}.Release|Any CPU.ActiveCfg = Release|Any CPU
		{CC333595-C946-448D-A400-6EF2CDB04558}.Release|Any CPU.Build.0 = Release|Any CPU
	EndGlobalSection
	GlobalSection(SolutionProperties) = preSolution
		HideSolutionNode = FALSE
	EndGlobalSection
	GlobalSection(ExtensibilityGlobals) = postSolution
		SolutionGuid = {3CD8051C-4513-4E72-B5D5-44550589C86E}
	EndGlobalSection
EndGlobal
